
Microsoft Visual Studio Solution File, Format Version 12.00
# Visual Studio Version 17
VisualStudioVersion = 17.6.33723.286
MinimumVisualStudioVersion = 10.0.40219.1
Project("{FAE04EC0-301F-11D3-BF4B-00C04F79EFBC}") = "CodingExercise", "CodingExercise\CodingExercise.csproj", "{69CC8DC7-A3E6-40BC-829B-951ADD09BFBD}"
EndProject
Global
	GlobalSection(SolutionConfigurationPlatforms) = preSolution
		Debug|Any CPU = Debug|Any CPU
		Release|Any CPU = Release|Any CPU
	EndGlobalSection
	GlobalSection(ProjectConfigurationPlatforms) = postSolution
		{69CC8DC7-A3E6-40BC-829B-951ADD09BFBD}.Debug|Any CPU.ActiveCfg = Debug|Any CPU
		{69CC8DC7-A3E6-40BC-829B-951ADD09BFBD}.Debug|Any CPU.Build.0 = Debug|Any CPU
		{69CC8DC7-A3E6-40BC-829B-951ADD09BFBD}.Release|Any CPU.ActiveCfg = Release|Any CPU
		{69CC8DC7-A3E6-40BC-829B-951ADD09BFBD}.Release|Any CPU.Build.0 = Release|Any CPU
	EndGlobalSection
	GlobalSection(SolutionProperties) = preSolution
		HideSolutionNode = FALSE
	EndGlobalSection
	GlobalSection(ExtensibilityGlobals) = postSolution
		SolutionGuid = {3C05651E-B6E2-40F3-9725-7608D607D8F3}
	EndGlobalSection
EndGlobal
